// !$*UTF8*$!
{
	archiveVersion = 1;
	classes = {
	};
	objectVersion = 46;
	objects = {

/* Begin PBXBuildFile section */
		BD18C3BB1865FF59007240D1 /* ImageProcessor.m in Sources */ = {isa = PBXBuildFile; fileRef = BD18C3BA1865FF59007240D1 /* ImageProcessor.m */; };
		BD18C3BE1866020E007240D1 /* Coordinate.m in Sources */ = {isa = PBXBuildFile; fileRef = BD18C3BD1866020E007240D1 /* Coordinate.m */; };
		BD18C3C118660CF1007240D1 /* FPOImage.m in Sources */ = {isa = PBXBuildFile; fileRef = BD18C3C018660CF1007240D1 /* FPOImage.m */; };
		BDC9FC401864DDC00088E6B8 /* Cocoa.framework in Frameworks */ = {isa = PBXBuildFile; fileRef = BDC9FC3F1864DDC00088E6B8 /* Cocoa.framework */; };
		BDC9FC4A1864DDC00088E6B8 /* InfoPlist.strings in Resources */ = {isa = PBXBuildFile; fileRef = BDC9FC481864DDC00088E6B8 /* InfoPlist.strings */; };
		BDC9FC4C1864DDC00088E6B8 /* main.m in Sources */ = {isa = PBXBuildFile; fileRef = BDC9FC4B1864DDC00088E6B8 /* main.m */; };
		BDC9FC501864DDC00088E6B8 /* Credits.rtf in Resources */ = {isa = PBXBuildFile; fileRef = BDC9FC4E1864DDC00088E6B8 /* Credits.rtf */; };
		BDC9FC531864DDC00088E6B8 /* AppDelegate.m in Sources */ = {isa = PBXBuildFile; fileRef = BDC9FC521864DDC00088E6B8 /* AppDelegate.m */; };
		BDC9FC561864DDC00088E6B8 /* MainMenu.xib in Resources */ = {isa = PBXBuildFile; fileRef = BDC9FC541864DDC00088E6B8 /* MainMenu.xib */; };
		BDC9FC581864DDC00088E6B8 /* Images.xcassets in Resources */ = {isa = PBXBuildFile; fileRef = BDC9FC571864DDC00088E6B8 /* Images.xcassets */; };
		BDC9FC5F1864DDC00088E6B8 /* XCTest.framework in Frameworks */ = {isa = PBXBuildFile; fileRef = BDC9FC5E1864DDC00088E6B8 /* XCTest.framework */; };
		BDC9FC601864DDC00088E6B8 /* Cocoa.framework in Frameworks */ = {isa = PBXBuildFile; fileRef = BDC9FC3F1864DDC00088E6B8 /* Cocoa.framework */; };
		BDC9FC681864DDC10088E6B8 /* InfoPlist.strings in Resources */ = {isa = PBXBuildFile; fileRef = BDC9FC661864DDC10088E6B8 /* InfoPlist.strings */; };
		BDC9FC6A1864DDC10088E6B8 /* FrescoPointOTests.m in Sources */ = {isa = PBXBuildFile; fileRef = BDC9FC691864DDC10088E6B8 /* FrescoPointOTests.m */; };
		BDC9FC781864E17D0088E6B8 /* MainWindow.m in Sources */ = {isa = PBXBuildFile; fileRef = BDC9FC771864E17D0088E6B8 /* MainWindow.m */; };
		BDEB2AC9186BF3D200E8DE8F /* ArduinoCommunicator.m in Sources */ = {isa = PBXBuildFile; fileRef = BDEB2AC8186BF3D200E8DE8F /* ArduinoCommunicator.m */; };
/* End PBXBuildFile section */

/* Begin PBXContainerItemProxy section */
		BDC9FC611864DDC00088E6B8 /* PBXContainerItemProxy */ = {
			isa = PBXContainerItemProxy;
			containerPortal = BDC9FC341864DDC00088E6B8 /* Project object */;
			proxyType = 1;
			remoteGlobalIDString = BDC9FC3B1864DDC00088E6B8;
			remoteInfo = FrescoPointO;
		};
/* End PBXContainerItemProxy section */

/* Begin PBXFileReference section */
		BD18C3B91865FF59007240D1 /* ImageProcessor.h */ = {isa = PBXFileReference; fileEncoding = 4; lastKnownFileType = sourcecode.c.h; path = ImageProcessor.h; sourceTree = "<group>"; };
		BD18C3BA1865FF59007240D1 /* ImageProcessor.m */ = {isa = PBXFileReference; fileEncoding = 4; lastKnownFileType = sourcecode.c.objc; path = ImageProcessor.m; sourceTree = "<group>"; };
		BD18C3BC1866020E007240D1 /* Coordinate.h */ = {isa = PBXFileReference; fileEncoding = 4; lastKnownFileType = sourcecode.c.h; path = Coordinate.h; sourceTree = "<group>"; };
		BD18C3BD1866020E007240D1 /* Coordinate.m */ = {isa = PBXFileReference; fileEncoding = 4; lastKnownFileType = sourcecode.c.objc; path = Coordinate.m; sourceTree = "<group>"; };
		BD18C3BF18660CF1007240D1 /* FPOImage.h */ = {isa = PBXFileReference; fileEncoding = 4; lastKnownFileType = sourcecode.c.h; path = FPOImage.h; sourceTree = "<group>"; };
		BD18C3C018660CF1007240D1 /* FPOImage.m */ = {isa = PBXFileReference; fileEncoding = 4; lastKnownFileType = sourcecode.c.objc; path = FPOImage.m; sourceTree = "<group>"; };
		BDC9FC3C1864DDC00088E6B8 /* FrescoPointO.app */ = {isa = PBXFileReference; explicitFileType = wrapper.application; includeInIndex = 0; path = FrescoPointO.app; sourceTree = BUILT_PRODUCTS_DIR; };
		BDC9FC3F1864DDC00088E6B8 /* Cocoa.framework */ = {isa = PBXFileReference; lastKnownFileType = wrapper.framework; name = Cocoa.framework; path = System/Library/Frameworks/Cocoa.framework; sourceTree = SDKROOT; };
		BDC9FC421864DDC00088E6B8 /* AppKit.framework */ = {isa = PBXFileReference; lastKnownFileType = wrapper.framework; name = AppKit.framework; path = System/Library/Frameworks/AppKit.framework; sourceTree = SDKROOT; };
		BDC9FC431864DDC00088E6B8 /* CoreData.framework */ = {isa = PBXFileReference; lastKnownFileType = wrapper.framework; name = CoreData.framework; path = System/Library/Frameworks/CoreData.framework; sourceTree = SDKROOT; };
		BDC9FC441864DDC00088E6B8 /* Foundation.framework */ = {isa = PBXFileReference; lastKnownFileType = wrapper.framework; name = Foundation.framework; path = System/Library/Frameworks/Foundation.framework; sourceTree = SDKROOT; };
		BDC9FC471864DDC00088E6B8 /* FrescoPointO-Info.plist */ = {isa = PBXFileReference; lastKnownFileType = text.plist.xml; path = "FrescoPointO-Info.plist"; sourceTree = "<group>"; };
		BDC9FC491864DDC00088E6B8 /* en */ = {isa = PBXFileReference; lastKnownFileType = text.plist.strings; name = en; path = en.lproj/InfoPlist.strings; sourceTree = "<group>"; };
		BDC9FC4B1864DDC00088E6B8 /* main.m */ = {isa = PBXFileReference; lastKnownFileType = sourcecode.c.objc; path = main.m; sourceTree = "<group>"; };
		BDC9FC4D1864DDC00088E6B8 /* FrescoPointO-Prefix.pch */ = {isa = PBXFileReference; lastKnownFileType = sourcecode.c.h; path = "FrescoPointO-Prefix.pch"; sourceTree = "<group>"; };
		BDC9FC4F1864DDC00088E6B8 /* en */ = {isa = PBXFileReference; lastKnownFileType = text.rtf; name = en; path = en.lproj/Credits.rtf; sourceTree = "<group>"; };
		BDC9FC511864DDC00088E6B8 /* AppDelegate.h */ = {isa = PBXFileReference; lastKnownFileType = sourcecode.c.h; path = AppDelegate.h; sourceTree = "<group>"; };
		BDC9FC521864DDC00088E6B8 /* AppDelegate.m */ = {isa = PBXFileReference; lastKnownFileType = sourcecode.c.objc; path = AppDelegate.m; sourceTree = "<group>"; };
		BDC9FC551864DDC00088E6B8 /* Base */ = {isa = PBXFileReference; lastKnownFileType = file.xib; name = Base; path = Base.lproj/MainMenu.xib; sourceTree = "<group>"; };
		BDC9FC571864DDC00088E6B8 /* Images.xcassets */ = {isa = PBXFileReference; lastKnownFileType = folder.assetcatalog; path = Images.xcassets; sourceTree = "<group>"; };
		BDC9FC5D1864DDC00088E6B8 /* FrescoPointOTests.xctest */ = {isa = PBXFileReference; explicitFileType = wrapper.cfbundle; includeInIndex = 0; path = FrescoPointOTests.xctest; sourceTree = BUILT_PRODUCTS_DIR; };
		BDC9FC5E1864DDC00088E6B8 /* XCTest.framework */ = {isa = PBXFileReference; lastKnownFileType = wrapper.framework; name = XCTest.framework; path = Library/Frameworks/XCTest.framework; sourceTree = DEVELOPER_DIR; };
		BDC9FC651864DDC00088E6B8 /* FrescoPointOTests-Info.plist */ = {isa = PBXFileReference; lastKnownFileType = text.plist.xml; path = "FrescoPointOTests-Info.plist"; sourceTree = "<group>"; };
		BDC9FC671864DDC10088E6B8 /* en */ = {isa = PBXFileReference; lastKnownFileType = text.plist.strings; name = en; path = en.lproj/InfoPlist.strings; sourceTree = "<group>"; };
		BDC9FC691864DDC10088E6B8 /* FrescoPointOTests.m */ = {isa = PBXFileReference; lastKnownFileType = sourcecode.c.objc; path = FrescoPointOTests.m; sourceTree = "<group>"; };
		BDC9FC761864E17D0088E6B8 /* MainWindow.h */ = {isa = PBXFileReference; fileEncoding = 4; lastKnownFileType = sourcecode.c.h; path = MainWindow.h; sourceTree = "<group>"; };
		BDC9FC771864E17D0088E6B8 /* MainWindow.m */ = {isa = PBXFileReference; fileEncoding = 4; lastKnownFileType = sourcecode.c.objc; path = MainWindow.m; sourceTree = "<group>"; };
		BDEB2AC7186BF3D200E8DE8F /* ArduinoCommunicator.h */ = {isa = PBXFileReference; fileEncoding = 4; lastKnownFileType = sourcecode.c.h; path = ArduinoCommunicator.h; sourceTree = "<group>"; };
		BDEB2AC8186BF3D200E8DE8F /* ArduinoCommunicator.m */ = {isa = PBXFileReference; fileEncoding = 4; lastKnownFileType = sourcecode.c.objc; path = ArduinoCommunicator.m; sourceTree = "<group>"; };
/* End PBXFileReference section */

/* Begin PBXFrameworksBuildPhase section */
		BDC9FC391864DDC00088E6B8 /* Frameworks */ = {
			isa = PBXFrameworksBuildPhase;
			buildActionMask = 2147483647;
			files = (
				BDC9FC401864DDC00088E6B8 /* Cocoa.framework in Frameworks */,
			);
			runOnlyForDeploymentPostprocessing = 0;
		};
		BDC9FC5A1864DDC00088E6B8 /* Frameworks */ = {
			isa = PBXFrameworksBuildPhase;
			buildActionMask = 2147483647;
			files = (
				BDC9FC601864DDC00088E6B8 /* Cocoa.framework in Frameworks */,
				BDC9FC5F1864DDC00088E6B8 /* XCTest.framework in Frameworks */,
			);
			runOnlyForDeploymentPostprocessing = 0;
		};
/* End PBXFrameworksBuildPhase section */

/* Begin PBXGroup section */
		BDC9FC331864DDC00088E6B8 = {
			isa = PBXGroup;
			children = (
				BDC9FC451864DDC00088E6B8 /* FrescoPointO */,
				BDC9FC631864DDC00088E6B8 /* FrescoPointOTests */,
				BDC9FC3E1864DDC00088E6B8 /* Frameworks */,
				BDC9FC3D1864DDC00088E6B8 /* Products */,
			);
			sourceTree = "<group>";
		};
		BDC9FC3D1864DDC00088E6B8 /* Products */ = {
			isa = PBXGroup;
			children = (
				BDC9FC3C1864DDC00088E6B8 /* FrescoPointO.app */,
				BDC9FC5D1864DDC00088E6B8 /* FrescoPointOTests.xctest */,
			);
			name = Products;
			sourceTree = "<group>";
		};
		BDC9FC3E1864DDC00088E6B8 /* Frameworks */ = {
			isa = PBXGroup;
			children = (
				BDC9FC3F1864DDC00088E6B8 /* Cocoa.framework */,
				BDC9FC5E1864DDC00088E6B8 /* XCTest.framework */,
				BDC9FC411864DDC00088E6B8 /* Other Frameworks */,
			);
			name = Frameworks;
			sourceTree = "<group>";
		};
		BDC9FC411864DDC00088E6B8 /* Other Frameworks */ = {
			isa = PBXGroup;
			children = (
				BDC9FC421864DDC00088E6B8 /* AppKit.framework */,
				BDC9FC431864DDC00088E6B8 /* CoreData.framework */,
				BDC9FC441864DDC00088E6B8 /* Foundation.framework */,
			);
			name = "Other Frameworks";
			sourceTree = "<group>";
		};
		BDC9FC451864DDC00088E6B8 /* FrescoPointO */ = {
			isa = PBXGroup;
			children = (
				BDC9FC511864DDC00088E6B8 /* AppDelegate.h */,
				BDC9FC521864DDC00088E6B8 /* AppDelegate.m */,
				BDC9FC761864E17D0088E6B8 /* MainWindow.h */,
				BDC9FC771864E17D0088E6B8 /* MainWindow.m */,
				BD18C3B91865FF59007240D1 /* ImageProcessor.h */,
				BD18C3BA1865FF59007240D1 /* ImageProcessor.m */,
				BD18C3BF18660CF1007240D1 /* FPOImage.h */,
				BD18C3C018660CF1007240D1 /* FPOImage.m */,
				BD18C3BC1866020E007240D1 /* Coordinate.h */,
				BD18C3BD1866020E007240D1 /* Coordinate.m */,
				BDEB2AC7186BF3D200E8DE8F /* ArduinoCommunicator.h */,
				BDEB2AC8186BF3D200E8DE8F /* ArduinoCommunicator.m */,
				BDC9FC541864DDC00088E6B8 /* MainMenu.xib */,
				BDC9FC571864DDC00088E6B8 /* Images.xcassets */,
				BDC9FC461864DDC00088E6B8 /* Supporting Files */,
			);
			path = FrescoPointO;
			sourceTree = "<group>";
		};
		BDC9FC461864DDC00088E6B8 /* Supporting Files */ = {
			isa = PBXGroup;
			children = (
				BDC9FC471864DDC00088E6B8 /* FrescoPointO-Info.plist */,
				BDC9FC481864DDC00088E6B8 /* InfoPlist.strings */,
				BDC9FC4B1864DDC00088E6B8 /* main.m */,
				BDC9FC4D1864DDC00088E6B8 /* FrescoPointO-Prefix.pch */,
				BDC9FC4E1864DDC00088E6B8 /* Credits.rtf */,
			);
			name = "Supporting Files";
			sourceTree = "<group>";
		};
		BDC9FC631864DDC00088E6B8 /* FrescoPointOTests */ = {
			isa = PBXGroup;
			children = (
				BDC9FC691864DDC10088E6B8 /* FrescoPointOTests.m */,
				BDC9FC641864DDC00088E6B8 /* Supporting Files */,
			);
			path = FrescoPointOTests;
			sourceTree = "<group>";
		};
		BDC9FC641864DDC00088E6B8 /* Supporting Files */ = {
			isa = PBXGroup;
			children = (
				BDC9FC651864DDC00088E6B8 /* FrescoPointOTests-Info.plist */,
				BDC9FC661864DDC10088E6B8 /* InfoPlist.strings */,
			);
			name = "Supporting Files";
			sourceTree = "<group>";
		};
/* End PBXGroup section */

/* Begin PBXNativeTarget section */
		BDC9FC3B1864DDC00088E6B8 /* FrescoPointO */ = {
			isa = PBXNativeTarget;
			buildConfigurationList = BDC9FC6D1864DDC10088E6B8 /* Build configuration list for PBXNativeTarget "FrescoPointO" */;
			buildPhases = (
				BDC9FC381864DDC00088E6B8 /* Sources */,
				BDC9FC391864DDC00088E6B8 /* Frameworks */,
				BDC9FC3A1864DDC00088E6B8 /* Resources */,
			);
			buildRules = (
			);
			dependencies = (
			);
			name = FrescoPointO;
			productName = FrescoPointO;
			productReference = BDC9FC3C1864DDC00088E6B8 /* FrescoPointO.app */;
			productType = "com.apple.product-type.application";
		};
		BDC9FC5C1864DDC00088E6B8 /* FrescoPointOTests */ = {
			isa = PBXNativeTarget;
			buildConfigurationList = BDC9FC701864DDC10088E6B8 /* Build configuration list for PBXNativeTarget "FrescoPointOTests" */;
			buildPhases = (
				BDC9FC591864DDC00088E6B8 /* Sources */,
				BDC9FC5A1864DDC00088E6B8 /* Frameworks */,
				BDC9FC5B1864DDC00088E6B8 /* Resources */,
			);
			buildRules = (
			);
			dependencies = (
				BDC9FC621864DDC00088E6B8 /* PBXTargetDependency */,
			);
			name = FrescoPointOTests;
			productName = FrescoPointOTests;
			productReference = BDC9FC5D1864DDC00088E6B8 /* FrescoPointOTests.xctest */;
			productType = "com.apple.product-type.bundle.unit-test";
		};
/* End PBXNativeTarget section */

/* Begin PBXProject section */
		BDC9FC341864DDC00088E6B8 /* Project object */ = {
			isa = PBXProject;
			attributes = {
				LastUpgradeCheck = 0500;
				ORGANIZATIONNAME = "Mark Mevorah";
				TargetAttributes = {
					BDC9FC5C1864DDC00088E6B8 = {
						TestTargetID = BDC9FC3B1864DDC00088E6B8;
					};
				};
			};
			buildConfigurationList = BDC9FC371864DDC00088E6B8 /* Build configuration list for PBXProject "FrescoPointO" */;
			compatibilityVersion = "Xcode 3.2";
			developmentRegion = English;
			hasScannedForEncodings = 0;
			knownRegions = (
				en,
				Base,
			);
			mainGroup = BDC9FC331864DDC00088E6B8;
			productRefGroup = BDC9FC3D1864DDC00088E6B8 /* Products */;
			projectDirPath = "";
			projectRoot = "";
			targets = (
				BDC9FC3B1864DDC00088E6B8 /* FrescoPointO */,
				BDC9FC5C1864DDC00088E6B8 /* FrescoPointOTests */,
			);
		};
/* End PBXProject section */

/* Begin PBXResourcesBuildPhase section */
		BDC9FC3A1864DDC00088E6B8 /* Resources */ = {
			isa = PBXResourcesBuildPhase;
			buildActionMask = 2147483647;
			files = (
				BDC9FC4A1864DDC00088E6B8 /* InfoPlist.strings in Resources */,
				BDC9FC581864DDC00088E6B8 /* Images.xcassets in Resources */,
				BDC9FC501864DDC00088E6B8 /* Credits.rtf in Resources */,
				BDC9FC561864DDC00088E6B8 /* MainMenu.xib in Resources */,
			);
			runOnlyForDeploymentPostprocessing = 0;
		};
		BDC9FC5B1864DDC00088E6B8 /* Resources */ = {
			isa = PBXResourcesBuildPhase;
			buildActionMask = 2147483647;
			files = (
				BDC9FC681864DDC10088E6B8 /* InfoPlist.strings in Resources */,
			);
			runOnlyForDeploymentPostprocessing = 0;
		};
/* End PBXResourcesBuildPhase section */

/* Begin PBXSourcesBuildPhase section */
		BDC9FC381864DDC00088E6B8 /* Sources */ = {
			isa = PBXSourcesBuildPhase;
			buildActionMask = 2147483647;
			files = (
				BDC9FC781864E17D0088E6B8 /* MainWindow.m in Sources */,
				BDC9FC531864DDC00088E6B8 /* AppDelegate.m in Sources */,
				BD18C3BB1865FF59007240D1 /* ImageProcessor.m in Sources */,
				BD18C3C118660CF1007240D1 /* FPOImage.m in Sources */,
				BD18C3BE1866020E007240D1 /* Coordinate.m in Sources */,
				BDC9FC4C1864DDC00088E6B8 /* main.m in Sources */,
				BDEB2AC9186BF3D200E8DE8F /* ArduinoCommunicator.m in Sources */,
			);
			runOnlyForDeploymentPostprocessing = 0;
		};
		BDC9FC591864DDC00088E6B8 /* Sources */ = {
			isa = PBXSourcesBuildPhase;
			buildActionMask = 2147483647;
			files = (
				BDC9FC6A1864DDC10088E6B8 /* FrescoPointOTests.m in Sources */,
			);
			runOnlyForDeploymentPostprocessing = 0;
		};
/* End PBXSourcesBuildPhase section */

/* Begin PBXTargetDependency section */
		BDC9FC621864DDC00088E6B8 /* PBXTargetDependency */ = {
			isa = PBXTargetDependency;
			target = BDC9FC3B1864DDC00088E6B8 /* FrescoPointO */;
			targetProxy = BDC9FC611864DDC00088E6B8 /* PBXContainerItemProxy */;
		};
/* End PBXTargetDependency section */

/* Begin PBXVariantGroup section */
		BDC9FC481864DDC00088E6B8 /* InfoPlist.strings */ = {
			isa = PBXVariantGroup;
			children = (
				BDC9FC491864DDC00088E6B8 /* en */,
			);
			name = InfoPlist.strings;
			sourceTree = "<group>";
		};
		BDC9FC4E1864DDC00088E6B8 /* Credits.rtf */ = {
			isa = PBXVariantGroup;
			children = (
				BDC9FC4F1864DDC00088E6B8 /* en */,
			);
			name = Credits.rtf;
			sourceTree = "<group>";
		};
		BDC9FC541864DDC00088E6B8 /* MainMenu.xib */ = {
			isa = PBXVariantGroup;
			children = (
				BDC9FC551864DDC00088E6B8 /* Base */,
			);
			name = MainMenu.xib;
			sourceTree = "<group>";
		};
		BDC9FC661864DDC10088E6B8 /* InfoPlist.strings */ = {
			isa = PBXVariantGroup;
			children = (
				BDC9FC671864DDC10088E6B8 /* en */,
			);
			name = InfoPlist.strings;
			sourceTree = "<group>";
		};
/* End PBXVariantGroup section */

/* Begin XCBuildConfiguration section */
		BDC9FC6B1864DDC10088E6B8 /* Debug */ = {
			isa = XCBuildConfiguration;
			buildSettings = {
				ALWAYS_SEARCH_USER_PATHS = NO;
				CLANG_CXX_LANGUAGE_STANDARD = "gnu++0x";
				CLANG_CXX_LIBRARY = "libc++";
				CLANG_ENABLE_OBJC_ARC = YES;
				CLANG_WARN_BOOL_CONVERSION = YES;
				CLANG_WARN_CONSTANT_CONVERSION = YES;
				CLANG_WARN_DIRECT_OBJC_ISA_USAGE = YES_ERROR;
				CLANG_WARN_EMPTY_BODY = YES;
				CLANG_WARN_ENUM_CONVERSION = YES;
				CLANG_WARN_INT_CONVERSION = YES;
				CLANG_WARN_OBJC_ROOT_CLASS = YES_ERROR;
				CLANG_WARN__DUPLICATE_METHOD_MATCH = YES;
				COPY_PHASE_STRIP = NO;
				GCC_C_LANGUAGE_STANDARD = gnu99;
				GCC_DYNAMIC_NO_PIC = NO;
				GCC_ENABLE_OBJC_EXCEPTIONS = YES;
				GCC_OPTIMIZATION_LEVEL = 0;
				GCC_PREPROCESSOR_DEFINITIONS = (
					"DEBUG=1",
					"$(inherited)",
				);
				GCC_SYMBOLS_PRIVATE_EXTERN = NO;
				GCC_WARN_64_TO_32_BIT_CONVERSION = YES;
				GCC_WARN_ABOUT_RETURN_TYPE = YES_ERROR;
				GCC_WARN_UNDECLARED_SELECTOR = YES;
				GCC_WARN_UNINITIALIZED_AUTOS = YES;
				GCC_WARN_UNUSED_FUNCTION = YES;
				GCC_WARN_UNUSED_VARIABLE = YES;
				MACOSX_DEPLOYMENT_TARGET = 10.9;
				ONLY_ACTIVE_ARCH = YES;
				SDKROOT = macosx;
			};
			name = Debug;
		};
		BDC9FC6C1864DDC10088E6B8 /* Release */ = {
			isa = XCBuildConfiguration;
			buildSettings = {
				ALWAYS_SEARCH_USER_PATHS = NO;
				CLANG_CXX_LANGUAGE_STANDARD = "gnu++0x";
				CLANG_CXX_LIBRARY = "libc++";
				CLANG_ENABLE_OBJC_ARC = YES;
				CLANG_WARN_BOOL_CONVERSION = YES;
				CLANG_WARN_CONSTANT_CONVERSION = YES;
				CLANG_WARN_DIRECT_OBJC_ISA_USAGE = YES_ERROR;
				CLANG_WARN_EMPTY_BODY = YES;
				CLANG_WARN_ENUM_CONVERSION = YES;
				CLANG_WARN_INT_CONVERSION = YES;
				CLANG_WARN_OBJC_ROOT_CLASS = YES_ERROR;
				CLANG_WARN__DUPLICATE_METHOD_MATCH = YES;
				COPY_PHASE_STRIP = YES;
				DEBUG_INFORMATION_FORMAT = "dwarf-with-dsym";
				ENABLE_NS_ASSERTIONS = NO;
				GCC_C_LANGUAGE_STANDARD = gnu99;
				GCC_ENABLE_OBJC_EXCEPTIONS = YES;
				GCC_WARN_64_TO_32_BIT_CONVERSION = YES;
				GCC_WARN_ABOUT_RETURN_TYPE = YES_ERROR;
				GCC_WARN_UNDECLARED_SELECTOR = YES;
				GCC_WARN_UNINITIALIZED_AUTOS = YES;
				GCC_WARN_UNUSED_FUNCTION = YES;
				GCC_WARN_UNUSED_VARIABLE = YES;
				MACOSX_DEPLOYMENT_TARGET = 10.9;
				SDKROOT = macosx;
			};
			name = Release;
		};
		BDC9FC6E1864DDC10088E6B8 /* Debug */ = {
			isa = XCBuildConfiguration;
			buildSettings = {
				ASSETCATALOG_COMPILER_APPICON_NAME = AppIcon;
				COMBINE_HIDPI_IMAGES = YES;
				GCC_PRECOMPILE_PREFIX_HEADER = YES;
				GCC_PREFIX_HEADER = "FrescoPointO/FrescoPointO-Prefix.pch";
				INFOPLIST_FILE = "FrescoPointO/FrescoPointO-Info.plist";
				PRODUCT_NAME = "$(TARGET_NAME)";
				WRAPPER_EXTENSION = app;
			};
			name = Debug;
		};
		BDC9FC6F1864DDC10088E6B8 /* Release */ = {
			isa = XCBuildConfiguration;
			buildSettings = {
				ASSETCATALOG_COMPILER_APPICON_NAME = AppIcon;
				COMBINE_HIDPI_IMAGES = YES;
				GCC_PRECOMPILE_PREFIX_HEADER = YES;
				GCC_PREFIX_HEADER = "FrescoPointO/FrescoPointO-Prefix.pch";
				INFOPLIST_FILE = "FrescoPointO/FrescoPointO-Info.plist";
				PRODUCT_NAME = "$(TARGET_NAME)";
				WRAPPER_EXTENSION = app;
			};
			name = Release;
		};
		BDC9FC711864DDC10088E6B8 /* Debug */ = {
			isa = XCBuildConfiguration;
			buildSettings = {
				BUNDLE_LOADER = "$(BUILT_PRODUCTS_DIR)/FrescoPointO.app/Contents/MacOS/FrescoPointO";
				COMBINE_HIDPI_IMAGES = YES;
				FRAMEWORK_SEARCH_PATHS = (
					"$(DEVELOPER_FRAMEWORKS_DIR)",
					"$(inherited)",
				);
				GCC_PRECOMPILE_PREFIX_HEADER = YES;
				GCC_PREFIX_HEADER = "FrescoPointO/FrescoPointO-Prefix.pch";
				GCC_PREPROCESSOR_DEFINITIONS = (
					"DEBUG=1",
					"$(inherited)",
				);
				INFOPLIST_FILE = "FrescoPointOTests/FrescoPointOTests-Info.plist";
				PRODUCT_NAME = "$(TARGET_NAME)";
				TEST_HOST = "$(BUNDLE_LOADER)";
				WRAPPER_EXTENSION = xctest;
			};
			name = Debug;
		};
		BDC9FC721864DDC10088E6B8 /* Release */ = {
			isa = XCBuildConfiguration;
			buildSettings = {
				BUNDLE_LOADER = "$(BUILT_PRODUCTS_DIR)/FrescoPointO.app/Contents/MacOS/FrescoPointO";
				COMBINE_HIDPI_IMAGES = YES;
				FRAMEWORK_SEARCH_PATHS = (
					"$(DEVELOPER_FRAMEWORKS_DIR)",
					"$(inherited)",
				);
				GCC_PRECOMPILE_PREFIX_HEADER = YES;
				GCC_PREFIX_HEADER = "FrescoPointO/FrescoPointO-Prefix.pch";
				INFOPLIST_FILE = "FrescoPointOTests/FrescoPointOTests-Info.plist";
				PRODUCT_NAME = "$(TARGET_NAME)";
				TEST_HOST = "$(BUNDLE_LOADER)";
				WRAPPER_EXTENSION = xctest;
			};
			name = Release;
		};
/* End XCBuildConfiguration section */

/* Begin XCConfigurationList section */
		BDC9FC371864DDC00088E6B8 /* Build configuration list for PBXProject "FrescoPointO" */ = {
			isa = XCConfigurationList;
			buildConfigurations = (
				BDC9FC6B1864DDC10088E6B8 /* Debug */,
				BDC9FC6C1864DDC10088E6B8 /* Release */,
			);
			defaultConfigurationIsVisible = 0;
			defaultConfigurationName = Release;
		};
		BDC9FC6D1864DDC10088E6B8 /* Build configuration list for PBXNativeTarget "FrescoPointO" */ = {
			isa = XCConfigurationList;
			buildConfigurations = (
				BDC9FC6E1864DDC10088E6B8 /* Debug */,
				BDC9FC6F1864DDC10088E6B8 /* Release */,
			);
			defaultConfigurationIsVisible = 0;
			defaultConfigurationName = Release;
		};
		BDC9FC701864DDC10088E6B8 /* Build configuration list for PBXNativeTarget "FrescoPointOTests" */ = {
			isa = XCConfigurationList;
			buildConfigurations = (
				BDC9FC711864DDC10088E6B8 /* Debug */,
				BDC9FC721864DDC10088E6B8 /* Release */,
			);
			defaultConfigurationIsVisible = 0;
			defaultConfigurationName = Release;
		};
/* End XCConfigurationList section */
	};
	rootObject = BDC9FC341864DDC00088E6B8 /* Project object */;
}
